
Microsoft Visual Studio Solution File, Format Version 12.00
# Visual Studio 14
VisualStudioVersion = 14.0.25420.1
MinimumVisualStudioVersion = 10.0.40219.1
Project("{FAE04EC0-301F-11D3-BF4B-00C04F79EFBC}") = "feladat_udvozles", "feladat_udvozles\feladat_udvozles.csproj", "{2DE0A1C2-E5B1-453A-9B51-6227FE9CF3F4}"
EndProject
Project("{FAE04EC0-301F-11D3-BF4B-00C04F79EFBC}") = "feladat_muveletek", "feladat_muveletek\feladat_muveletek.csproj", "{B758FB0A-DA29-4927-868B-205629066E25}"
EndProject
Project("{FAE04EC0-301F-11D3-BF4B-00C04F79EFBC}") = "feladat_szorzotabla", "feladat_szorzotabla\feladat_szorzotabla.csproj", "{D9D5A67A-C1D2-4D77-ACD6-E0E2EA0C427A}"
EndProject
Project("{FAE04EC0-301F-11D3-BF4B-00C04F79EFBC}") = "feladat_beolvasfelteteles", "feladat_beolvasfelteteles\feladat_beolvasfelteteles.csproj", "{B16D7900-7493-4376-8606-36A3C428178F}"
EndProject
Project("{FAE04EC0-301F-11D3-BF4B-00C04F79EFBC}") = "feladat_kerekit", "feladat_kerekit\feladat_kerekit.csproj", "{79130E3A-D106-48DB-BCD7-F0D67C1E3BA0}"
EndProject
Project("{FAE04EC0-301F-11D3-BF4B-00C04F79EFBC}") = "feladat_egyes", "feladat_egyes\feladat_egyes.csproj", "{8D18B3D9-E8BC-4F28-93DD-55B68A24931A}"
EndProject
Project("{FAE04EC0-301F-11D3-BF4B-00C04F79EFBC}") = "feladat_szamkitalalo", "feladat_szamkitalalo\feladat_szamkitalalo.csproj", "{1FD19CB3-4A6F-4C1F-984C-7693D94DCD5F}"
EndProject
Global
	GlobalSection(SolutionConfigurationPlatforms) = preSolution
		Debug|Any CPU = Debug|Any CPU
		Release|Any CPU = Release|Any CPU
	EndGlobalSection
	GlobalSection(ProjectConfigurationPlatforms) = postSolution
		{2DE0A1C2-E5B1-453A-9B51-6227FE9CF3F4}.Debug|Any CPU.ActiveCfg = Debug|Any CPU
		{2DE0A1C2-E5B1-453A-9B51-6227FE9CF3F4}.Debug|Any CPU.Build.0 = Debug|Any CPU
		{2DE0A1C2-E5B1-453A-9B51-6227FE9CF3F4}.Release|Any CPU.ActiveCfg = Release|Any CPU
		{2DE0A1C2-E5B1-453A-9B51-6227FE9CF3F4}.Release|Any CPU.Build.0 = Release|Any CPU
		{B758FB0A-DA29-4927-868B-205629066E25}.Debug|Any CPU.ActiveCfg = Debug|Any CPU
		{B758FB0A-DA29-4927-868B-205629066E25}.Debug|Any CPU.Build.0 = Debug|Any CPU
		{B758FB0A-DA29-4927-868B-205629066E25}.Release|Any CPU.ActiveCfg = Release|Any CPU
		{B758FB0A-DA29-4927-868B-205629066E25}.Release|Any CPU.Build.0 = Release|Any CPU
		{D9D5A67A-C1D2-4D77-ACD6-E0E2EA0C427A}.Debug|Any CPU.ActiveCfg = Debug|Any CPU
		{D9D5A67A-C1D2-4D77-ACD6-E0E2EA0C427A}.Debug|Any CPU.Build.0 = Debug|Any CPU
		{D9D5A67A-C1D2-4D77-ACD6-E0E2EA0C427A}.Release|Any CPU.ActiveCfg = Release|Any CPU
		{D9D5A67A-C1D2-4D77-ACD6-E0E2EA0C427A}.Release|Any CPU.Build.0 = Release|Any CPU
		{B16D7900-7493-4376-8606-36A3C428178F}.Debug|Any CPU.ActiveCfg = Debug|Any CPU
		{B16D7900-7493-4376-8606-36A3C428178F}.Debug|Any CPU.Build.0 = Debug|Any CPU
		{B16D7900-7493-4376-8606-36A3C428178F}.Release|Any CPU.ActiveCfg = Release|Any CPU
		{B16D7900-7493-4376-8606-36A3C428178F}.Release|Any CPU.Build.0 = Release|Any CPU
		{79130E3A-D106-48DB-BCD7-F0D67C1E3BA0}.Debug|Any CPU.ActiveCfg = Debug|Any CPU
		{79130E3A-D106-48DB-BCD7-F0D67C1E3BA0}.Debug|Any CPU.Build.0 = Debug|Any CPU
		{79130E3A-D106-48DB-BCD7-F0D67C1E3BA0}.Release|Any CPU.ActiveCfg = Release|Any CPU
		{79130E3A-D106-48DB-BCD7-F0D67C1E3BA0}.Release|Any CPU.Build.0 = Release|Any CPU
		{8D18B3D9-E8BC-4F28-93DD-55B68A24931A}.Debug|Any CPU.ActiveCfg = Debug|Any CPU
		{8D18B3D9-E8BC-4F28-93DD-55B68A24931A}.Debug|Any CPU.Build.0 = Debug|Any CPU
		{8D18B3D9-E8BC-4F28-93DD-55B68A24931A}.Release|Any CPU.ActiveCfg = Release|Any CPU
		{8D18B3D9-E8BC-4F28-93DD-55B68A24931A}.Release|Any CPU.Build.0 = Release|Any CPU
		{1FD19CB3-4A6F-4C1F-984C-7693D94DCD5F}.Debug|Any CPU.ActiveCfg = Debug|Any CPU
		{1FD19CB3-4A6F-4C1F-984C-7693D94DCD5F}.Debug|Any CPU.Build.0 = Debug|Any CPU
		{1FD19CB3-4A6F-4C1F-984C-7693D94DCD5F}.Release|Any CPU.ActiveCfg = Release|Any CPU
		{1FD19CB3-4A6F-4C1F-984C-7693D94DCD5F}.Release|Any CPU.Build.0 = Release|Any CPU
	EndGlobalSection
	GlobalSection(SolutionProperties) = preSolution
		HideSolutionNode = FALSE
	EndGlobalSection
EndGlobal
